{
  "name": "ximalaya-downloader",
  "version": "1.0.0",
  "lockfileVersion": 1,
  "requires": true,
  "dependencies": {
    "node-fetch": {
      "version": "2.2.0",
      "resolved": "http://registry.npm.baidu-int.com/node-fetch/-/node-fetch-2.2.0.tgz",
      "integrity": "sha512-OayFWziIxiHY8bCUyLX6sTpDH8Jsbp4FfYd1j1f7vZyfgkcOnAyM4oQR16f8a0s7Gl/viMGRey8eScYk4V4EZA=="
    },
    "p-limit": {
      "version": "2.0.0",
      "resolved": "http://registry.npm.baidu-int.com/p-limit/-/p-limit-2.0.0.tgz",
      "integrity": "sha512-fl5s52lI5ahKCernzzIyAP0QAZbGIovtVHGwpcu1Jr/EpzLVDI2myISHwGqK7m8uQFugVWSrbxH7XnhGtvEc+A==",
      "requires": {
        "p-try": "^2.0.0"
      }
    },
    "p-try": {
      "version": "2.0.0",
      "resolved": "http://registry.npm.baidu-int.com/p-try/-/p-try-2.0.0.tgz",
      "integrity": "sha512-hMp0onDKIajHfIkdRk3P4CdCmErkYAxxDtP3Wx/4nZ3aGlau2VKh3mZpcuFkH27WQkL/3WBCPOktzA9ZOAnMQQ=="
    }
  }
}
